
Microsoft Visual Studio Solution File, Format Version 12.00
# Visual Studio Version 17
VisualStudioVersion = 17.3.32825.248
MinimumVisualStudioVersion = 10.0.40219.1
Project("{FAE04EC0-301F-11D3-BF4B-00C04F79EFBC}") = "Pansiyon Kayıt Uygulaması", "Pansiyon Kayıt Uygulaması\Pansiyon Kayıt Uygulaması.csproj", "{FBDEDA14-FED9-4CDC-A9D5-ABD27CD4C6CB}"
EndProject
Global
	GlobalSection(SolutionConfigurationPlatforms) = preSolution
		Debug|Any CPU = Debug|Any CPU
		Release|Any CPU = Release|Any CPU
	EndGlobalSection
	GlobalSection(ProjectConfigurationPlatforms) = postSolution
		{FBDEDA14-FED9-4CDC-A9D5-ABD27CD4C6CB}.Debug|Any CPU.ActiveCfg = Debug|Any CPU
		{FBDEDA14-FED9-4CDC-A9D5-ABD27CD4C6CB}.Debug|Any CPU.Build.0 = Debug|Any CPU
		{FBDEDA14-FED9-4CDC-A9D5-ABD27CD4C6CB}.Release|Any CPU.ActiveCfg = Release|Any CPU
		{FBDEDA14-FED9-4CDC-A9D5-ABD27CD4C6CB}.Release|Any CPU.Build.0 = Release|Any CPU
	EndGlobalSection
	GlobalSection(SolutionProperties) = preSolution
		HideSolutionNode = FALSE
	EndGlobalSection
	GlobalSection(ExtensibilityGlobals) = postSolution
		SolutionGuid = {50929D6F-3C64-4A27-BEBF-BFA1A0E57840}
	EndGlobalSection
EndGlobal
